
Microsoft Visual Studio Solution File, Format Version 10.00
# Visual C++ Express 2008
Project("{8BC9CEB8-8B4A-11D0-8D11-00A0C91BC942}") = "5-bouncingBall", "5-bouncingBall\5-bouncingBall.vcproj", "{7AD594D5-651A-429F-8717-7DAA34EADA6F}"
EndProject
Global
	GlobalSection(SolutionConfigurationPlatforms) = preSolution
		Debug|Win32 = Debug|Win32
		Release|Win32 = Release|Win32
	EndGlobalSection
	GlobalSection(ProjectConfigurationPlatforms) = postSolution
		{7AD594D5-651A-429F-8717-7DAA34EADA6F}.Debug|Win32.ActiveCfg = Debug|Win32
		{7AD594D5-651A-429F-8717-7DAA34EADA6F}.Debug|Win32.Build.0 = Debug|Win32
		{7AD594D5-651A-429F-8717-7DAA34EADA6F}.Release|Win32.ActiveCfg = Release|Win32
		{7AD594D5-651A-429F-8717-7DAA34EADA6F}.Release|Win32.Build.0 = Release|Win32
	EndGlobalSection
	GlobalSection(SolutionProperties) = preSolution
		HideSolutionNode = FALSE
	EndGlobalSection
EndGlobal
